Microsoft Visual Studio Solution File, Format Version 12.00
# Visual Studio Version 17
VisualStudioVersion = 17.5.2.0
MinimumVisualStudioVersion = 10.0.40219.1
Project("{FAE04EC0-301F-11D3-BF4B-00C04F79EFBC}") = "CourseWeb.API", "CourseWeb.API.csproj", "{B7919E71-CD06-18BD-9367-C9AE756B311C}"
EndProject
Global
	GlobalSection(SolutionConfigurationPlatforms) = preSolution
		Debug|Any CPU = Debug|Any CPU
		Release|Any CPU = Release|Any CPU
	EndGlobalSection
	GlobalSection(ProjectConfigurationPlatforms) = postSolution
		{B7919E71-CD06-18BD-9367-C9AE756B311C}.Debug|Any CPU.ActiveCfg = Debug|Any CPU
		{B7919E71-CD06-18BD-9367-C9AE756B311C}.Debug|Any CPU.Build.0 = Debug|Any CPU
		{B7919E71-CD06-18BD-9367-C9AE756B311C}.Release|Any CPU.ActiveCfg = Release|Any CPU
		{B7919E71-CD06-18BD-9367-C9AE756B311C}.Release|Any CPU.Build.0 = Release|Any CPU
	EndGlobalSection
	GlobalSection(SolutionProperties) = preSolution
		HideSolutionNode = FALSE
	EndGlobalSection
	GlobalSection(ExtensibilityGlobals) = postSolution
		SolutionGuid = {31ED064E-6811-4FEA-9FEC-9E1C544E11F2}
	EndGlobalSection
EndGlobal
